
Microsoft Visual Studio Solution File, Format Version 12.00
# Visual Studio Version 17
VisualStudioVersion = 17.12.35209.166
MinimumVisualStudioVersion = 10.0.40219.1
Project("{FAE04EC0-301F-11D3-BF4B-00C04F79EFBC}") = "Knowzy", "Knowzy\Knowzy.csproj", "{0C7BC203-5BF4-4FB6-8873-9E6BB70AC7DF}"
EndProject
Project("{FAE04EC0-301F-11D3-BF4B-00C04F79EFBC}") = "Knowzy.Shared", "Knowzy.Shared\Knowzy.Shared.csproj", "{456D6202-1F64-41EA-B618-6F0156E4A9EB}"
EndProject
Project("{FAE04EC0-301F-11D3-BF4B-00C04F79EFBC}") = "Knowzy.Web", "Knowzy.Web\Knowzy.Web.csproj", "{9721D1C7-3792-4578-A614-02B0667A40F0}"
EndProject
Project("{FAE04EC0-301F-11D3-BF4B-00C04F79EFBC}") = "KwonzyClases", "KwonzyClases\KwonzyClases.csproj", "{438067C0-F120-4F7D-87E1-9BCFDD912FDC}"
EndProject
Global
	GlobalSection(SolutionConfigurationPlatforms) = preSolution
		Debug|Any CPU = Debug|Any CPU
		Release|Any CPU = Release|Any CPU
	EndGlobalSection
	GlobalSection(ProjectConfigurationPlatforms) = postSolution
		{0C7BC203-5BF4-4FB6-8873-9E6BB70AC7DF}.Debug|Any CPU.ActiveCfg = Debug|Any CPU
		{0C7BC203-5BF4-4FB6-8873-9E6BB70AC7DF}.Debug|Any CPU.Build.0 = Debug|Any CPU
		{0C7BC203-5BF4-4FB6-8873-9E6BB70AC7DF}.Debug|Any CPU.Deploy.0 = Debug|Any CPU
		{0C7BC203-5BF4-4FB6-8873-9E6BB70AC7DF}.Release|Any CPU.ActiveCfg = Release|Any CPU
		{0C7BC203-5BF4-4FB6-8873-9E6BB70AC7DF}.Release|Any CPU.Build.0 = Release|Any CPU
		{0C7BC203-5BF4-4FB6-8873-9E6BB70AC7DF}.Release|Any CPU.Deploy.0 = Release|Any CPU
		{456D6202-1F64-41EA-B618-6F0156E4A9EB}.Debug|Any CPU.ActiveCfg = Debug|Any CPU
		{456D6202-1F64-41EA-B618-6F0156E4A9EB}.Debug|Any CPU.Build.0 = Debug|Any CPU
		{456D6202-1F64-41EA-B618-6F0156E4A9EB}.Release|Any CPU.ActiveCfg = Release|Any CPU
		{456D6202-1F64-41EA-B618-6F0156E4A9EB}.Release|Any CPU.Build.0 = Release|Any CPU
		{9721D1C7-3792-4578-A614-02B0667A40F0}.Debug|Any CPU.ActiveCfg = Debug|Any CPU
		{9721D1C7-3792-4578-A614-02B0667A40F0}.Debug|Any CPU.Build.0 = Debug|Any CPU
		{9721D1C7-3792-4578-A614-02B0667A40F0}.Release|Any CPU.ActiveCfg = Release|Any CPU
		{9721D1C7-3792-4578-A614-02B0667A40F0}.Release|Any CPU.Build.0 = Release|Any CPU
		{438067C0-F120-4F7D-87E1-9BCFDD912FDC}.Debug|Any CPU.ActiveCfg = Debug|Any CPU
		{438067C0-F120-4F7D-87E1-9BCFDD912FDC}.Debug|Any CPU.Build.0 = Debug|Any CPU
		{438067C0-F120-4F7D-87E1-9BCFDD912FDC}.Release|Any CPU.ActiveCfg = Release|Any CPU
		{438067C0-F120-4F7D-87E1-9BCFDD912FDC}.Release|Any CPU.Build.0 = Release|Any CPU
	EndGlobalSection
	GlobalSection(SolutionProperties) = preSolution
		HideSolutionNode = FALSE
	EndGlobalSection
	GlobalSection(ExtensibilityGlobals) = postSolution
		SolutionGuid = {80E7CAB0-8576-4E29-9921-794E0139BA12}
	EndGlobalSection
EndGlobal
